
Microsoft Visual Studio Solution File, Format Version 12.00
# Visual Studio Version 17
VisualStudioVersion = 17.8.34330.188
MinimumVisualStudioVersion = 10.0.40219.1
Project("{2150E333-8FDC-42A3-9474-1A3956D46DE8}") = "Geolis", "Geolis", "{B9A5EB8F-B8A6-47A7-8AED-1E52AC973EF1}"
EndProject
Project("{9A19103F-16F7-4668-BE54-9A1E7A4F7556}") = "LGT.Incidentai.Models", "LGT.Incidentai.Models\LGT.Incidentai.Models.csproj", "{C32B691A-21BD-4F4D-9045-65EC99E8DDE5}"
EndProject
Project("{9A19103F-16F7-4668-BE54-9A1E7A4F7556}") = "LGT.Geolis.Data", "LGT.Geolis.Data\LGT.Geolis.Data.csproj", "{CADE08FA-7000-45B2-AE89-7A403F59118B}"
EndProject
Project("{9A19103F-16F7-4668-BE54-9A1E7A4F7556}") = "LGT.Geolis.Models", "LGT.Geolis.Models\LGT.Geolis.Models.csproj", "{76175D01-15BF-47D4-BE28-19C5DE55C53B}"
EndProject
Project("{2150E333-8FDC-42A3-9474-1A3956D46DE8}") = "Intranet", "Intranet", "{AE6D62A1-D651-44F2-B9DC-A7D3E5A6FF1F}"
EndProject
Project("{9A19103F-16F7-4668-BE54-9A1E7A4F7556}") = "LGT.Intranet.Models", "LGT.Intranet.Models\LGT.Intranet.Models.csproj", "{5BD31191-E390-4418-A776-78676E682C63}"
EndProject
Project("{9A19103F-16F7-4668-BE54-9A1E7A4F7556}") = "LGT.Intranet.Data", "LGT.Intranet.Data\LGT.Intranet.Data.csproj", "{5D1CEAD8-682F-4466-B1FE-9EFEEEEC8248}"
EndProject
Project("{9A19103F-16F7-4668-BE54-9A1E7A4F7556}") = "Play", "Play\Play.csproj", "{8FBB60C3-4AFF-43DD-BB09-982488E52968}"
EndProject
Project("{9A19103F-16F7-4668-BE54-9A1E7A4F7556}") = "LGT.Intranet.Authorization", "LGT.Intranet.Authorization\LGT.Intranet.Authorization.csproj", "{139F6B0B-D423-4908-B3EE-2D0595313606}"
EndProject
Project("{9A19103F-16F7-4668-BE54-9A1E7A4F7556}") = "LGT.Geolis.Exports", "LGT.Geolis.Exports\LGT.Geolis.Exports.csproj", "{73445C44-00EB-4EF5-B18A-9196BCDAF359}"
EndProject
Project("{9A19103F-16F7-4668-BE54-9A1E7A4F7556}") = "LGT.Intranet", "LGT.Intranet\LGT.Intranet.csproj", "{FF97F8B0-2338-46B2-9CC2-FC05920C55A6}"
EndProject
Project("{9A19103F-16F7-4668-BE54-9A1E7A4F7556}") = "LGT.Intranet.Authorization.Data", "LGT.Intranet.Authorization.Data\LGT.Intranet.Authorization.Data.csproj", "{D3B45FF2-339B-4DDF-B4D1-2317E5F38D3E}"
EndProject
Project("{2150E333-8FDC-42A3-9474-1A3956D46DE8}") = "Authorization", "Authorization", "{04469DC4-C49A-4124-B9B2-FDB766C0CB68}"
EndProject
Project("{9A19103F-16F7-4668-BE54-9A1E7A4F7556}") = "LGT.Intranet.Authorization.Models", "LGT.Intranet.Authorization.Models\LGT.Intranet.Authorization.Models.csproj", "{AF59237A-87A1-4B04-828F-A574D2ACA757}"
EndProject
Project("{9A19103F-16F7-4668-BE54-9A1E7A4F7556}") = "LGT.Kontaktai.Models", "LGT.Kontaktai.Models\LGT.Kontaktai.Models.csproj", "{26899045-5468-43B6-A25B-A8736D056EDB}"
EndProject
Project("{2150E333-8FDC-42A3-9474-1A3956D46DE8}") = "Internal", "Internal", "{80ADD052-7832-4A7B-9DD9-D9FFCA6A06A5}"
EndProject
Project("{9A19103F-16F7-4668-BE54-9A1E7A4F7556}") = "LGT.Intranet.Internal", "LGT.Intranet.Internal\LGT.Intranet.Internal.csproj", "{7D7B9DBF-80A6-458E-A564-328203A01179}"
EndProject
Global
	GlobalSection(SolutionConfigurationPlatforms) = preSolution
		Debug|Any CPU = Debug|Any CPU
		Release|Any CPU = Release|Any CPU
	EndGlobalSection
	GlobalSection(ProjectConfigurationPlatforms) = postSolution
		{C32B691A-21BD-4F4D-9045-65EC99E8DDE5}.Debug|Any CPU.ActiveCfg = Debug|Any CPU
		{C32B691A-21BD-4F4D-9045-65EC99E8DDE5}.Debug|Any CPU.Build.0 = Debug|Any CPU
		{C32B691A-21BD-4F4D-9045-65EC99E8DDE5}.Release|Any CPU.ActiveCfg = Release|Any CPU
		{C32B691A-21BD-4F4D-9045-65EC99E8DDE5}.Release|Any CPU.Build.0 = Release|Any CPU
		{CADE08FA-7000-45B2-AE89-7A403F59118B}.Debug|Any CPU.ActiveCfg = Debug|Any CPU
		{CADE08FA-7000-45B2-AE89-7A403F59118B}.Debug|Any CPU.Build.0 = Debug|Any CPU
		{CADE08FA-7000-45B2-AE89-7A403F59118B}.Release|Any CPU.ActiveCfg = Release|Any CPU
		{CADE08FA-7000-45B2-AE89-7A403F59118B}.Release|Any CPU.Build.0 = Release|Any CPU
		{76175D01-15BF-47D4-BE28-19C5DE55C53B}.Debug|Any CPU.ActiveCfg = Debug|Any CPU
		{76175D01-15BF-47D4-BE28-19C5DE55C53B}.Debug|Any CPU.Build.0 = Debug|Any CPU
		{76175D01-15BF-47D4-BE28-19C5DE55C53B}.Release|Any CPU.ActiveCfg = Release|Any CPU
		{76175D01-15BF-47D4-BE28-19C5DE55C53B}.Release|Any CPU.Build.0 = Release|Any CPU
		{5BD31191-E390-4418-A776-78676E682C63}.Debug|Any CPU.ActiveCfg = Debug|Any CPU
		{5BD31191-E390-4418-A776-78676E682C63}.Debug|Any CPU.Build.0 = Debug|Any CPU
		{5BD31191-E390-4418-A776-78676E682C63}.Release|Any CPU.ActiveCfg = Release|Any CPU
		{5BD31191-E390-4418-A776-78676E682C63}.Release|Any CPU.Build.0 = Release|Any CPU
		{5D1CEAD8-682F-4466-B1FE-9EFEEEEC8248}.Debug|Any CPU.ActiveCfg = Debug|Any CPU
		{5D1CEAD8-682F-4466-B1FE-9EFEEEEC8248}.Debug|Any CPU.Build.0 = Debug|Any CPU
		{5D1CEAD8-682F-4466-B1FE-9EFEEEEC8248}.Release|Any CPU.ActiveCfg = Release|Any CPU
		{5D1CEAD8-682F-4466-B1FE-9EFEEEEC8248}.Release|Any CPU.Build.0 = Release|Any CPU
		{8FBB60C3-4AFF-43DD-BB09-982488E52968}.Debug|Any CPU.ActiveCfg = Debug|Any CPU
		{8FBB60C3-4AFF-43DD-BB09-982488E52968}.Debug|Any CPU.Build.0 = Debug|Any CPU
		{8FBB60C3-4AFF-43DD-BB09-982488E52968}.Release|Any CPU.ActiveCfg = Release|Any CPU
		{8FBB60C3-4AFF-43DD-BB09-982488E52968}.Release|Any CPU.Build.0 = Release|Any CPU
		{139F6B0B-D423-4908-B3EE-2D0595313606}.Debug|Any CPU.ActiveCfg = Debug|Any CPU
		{139F6B0B-D423-4908-B3EE-2D0595313606}.Debug|Any CPU.Build.0 = Debug|Any CPU
		{139F6B0B-D423-4908-B3EE-2D0595313606}.Release|Any CPU.ActiveCfg = Release|Any CPU
		{139F6B0B-D423-4908-B3EE-2D0595313606}.Release|Any CPU.Build.0 = Release|Any CPU
		{73445C44-00EB-4EF5-B18A-9196BCDAF359}.Debug|Any CPU.ActiveCfg = Debug|Any CPU
		{73445C44-00EB-4EF5-B18A-9196BCDAF359}.Debug|Any CPU.Build.0 = Debug|Any CPU
		{73445C44-00EB-4EF5-B18A-9196BCDAF359}.Release|Any CPU.ActiveCfg = Release|Any CPU
		{73445C44-00EB-4EF5-B18A-9196BCDAF359}.Release|Any CPU.Build.0 = Release|Any CPU
		{FF97F8B0-2338-46B2-9CC2-FC05920C55A6}.Debug|Any CPU.ActiveCfg = Debug|Any CPU
		{FF97F8B0-2338-46B2-9CC2-FC05920C55A6}.Debug|Any CPU.Build.0 = Debug|Any CPU
		{FF97F8B0-2338-46B2-9CC2-FC05920C55A6}.Release|Any CPU.ActiveCfg = Release|Any CPU
		{FF97F8B0-2338-46B2-9CC2-FC05920C55A6}.Release|Any CPU.Build.0 = Release|Any CPU
		{D3B45FF2-339B-4DDF-B4D1-2317E5F38D3E}.Debug|Any CPU.ActiveCfg = Debug|Any CPU
		{D3B45FF2-339B-4DDF-B4D1-2317E5F38D3E}.Debug|Any CPU.Build.0 = Debug|Any CPU
		{D3B45FF2-339B-4DDF-B4D1-2317E5F38D3E}.Release|Any CPU.ActiveCfg = Release|Any CPU
		{D3B45FF2-339B-4DDF-B4D1-2317E5F38D3E}.Release|Any CPU.Build.0 = Release|Any CPU
		{AF59237A-87A1-4B04-828F-A574D2ACA757}.Debug|Any CPU.ActiveCfg = Debug|Any CPU
		{AF59237A-87A1-4B04-828F-A574D2ACA757}.Debug|Any CPU.Build.0 = Debug|Any CPU
		{AF59237A-87A1-4B04-828F-A574D2ACA757}.Release|Any CPU.ActiveCfg = Release|Any CPU
		{AF59237A-87A1-4B04-828F-A574D2ACA757}.Release|Any CPU.Build.0 = Release|Any CPU
		{26899045-5468-43B6-A25B-A8736D056EDB}.Debug|Any CPU.ActiveCfg = Debug|Any CPU
		{26899045-5468-43B6-A25B-A8736D056EDB}.Debug|Any CPU.Build.0 = Debug|Any CPU
		{26899045-5468-43B6-A25B-A8736D056EDB}.Release|Any CPU.ActiveCfg = Release|Any CPU
		{26899045-5468-43B6-A25B-A8736D056EDB}.Release|Any CPU.Build.0 = Release|Any CPU
		{7D7B9DBF-80A6-458E-A564-328203A01179}.Debug|Any CPU.ActiveCfg = Debug|Any CPU
		{7D7B9DBF-80A6-458E-A564-328203A01179}.Debug|Any CPU.Build.0 = Debug|Any CPU
		{7D7B9DBF-80A6-458E-A564-328203A01179}.Release|Any CPU.ActiveCfg = Release|Any CPU
		{7D7B9DBF-80A6-458E-A564-328203A01179}.Release|Any CPU.Build.0 = Release|Any CPU
	EndGlobalSection
	GlobalSection(SolutionProperties) = preSolution
		HideSolutionNode = FALSE
	EndGlobalSection
	GlobalSection(NestedProjects) = preSolution
		{C32B691A-21BD-4F4D-9045-65EC99E8DDE5} = {80ADD052-7832-4A7B-9DD9-D9FFCA6A06A5}
		{CADE08FA-7000-45B2-AE89-7A403F59118B} = {B9A5EB8F-B8A6-47A7-8AED-1E52AC973EF1}
		{76175D01-15BF-47D4-BE28-19C5DE55C53B} = {B9A5EB8F-B8A6-47A7-8AED-1E52AC973EF1}
		{5BD31191-E390-4418-A776-78676E682C63} = {AE6D62A1-D651-44F2-B9DC-A7D3E5A6FF1F}
		{5D1CEAD8-682F-4466-B1FE-9EFEEEEC8248} = {AE6D62A1-D651-44F2-B9DC-A7D3E5A6FF1F}
		{8FBB60C3-4AFF-43DD-BB09-982488E52968} = {B9A5EB8F-B8A6-47A7-8AED-1E52AC973EF1}
		{139F6B0B-D423-4908-B3EE-2D0595313606} = {04469DC4-C49A-4124-B9B2-FDB766C0CB68}
		{73445C44-00EB-4EF5-B18A-9196BCDAF359} = {B9A5EB8F-B8A6-47A7-8AED-1E52AC973EF1}
		{FF97F8B0-2338-46B2-9CC2-FC05920C55A6} = {AE6D62A1-D651-44F2-B9DC-A7D3E5A6FF1F}
		{D3B45FF2-339B-4DDF-B4D1-2317E5F38D3E} = {04469DC4-C49A-4124-B9B2-FDB766C0CB68}
		{04469DC4-C49A-4124-B9B2-FDB766C0CB68} = {AE6D62A1-D651-44F2-B9DC-A7D3E5A6FF1F}
		{AF59237A-87A1-4B04-828F-A574D2ACA757} = {04469DC4-C49A-4124-B9B2-FDB766C0CB68}
		{26899045-5468-43B6-A25B-A8736D056EDB} = {80ADD052-7832-4A7B-9DD9-D9FFCA6A06A5}
		{80ADD052-7832-4A7B-9DD9-D9FFCA6A06A5} = {AE6D62A1-D651-44F2-B9DC-A7D3E5A6FF1F}
		{7D7B9DBF-80A6-458E-A564-328203A01179} = {80ADD052-7832-4A7B-9DD9-D9FFCA6A06A5}
	EndGlobalSection
	GlobalSection(ExtensibilityGlobals) = postSolution
		SolutionGuid = {30D00B73-9901-4CA9-B704-3F7F791D9F4F}
	EndGlobalSection
EndGlobal
